
Microsoft Visual Studio Solution File, Format Version 12.00
# Visual Studio Version 17
VisualStudioVersion = 17.2.32630.192
MinimumVisualStudioVersion = 10.0.40219.1
Project("{FAE04EC0-301F-11D3-BF4B-00C04F79EFBC}") = "AirlineManagementSystem", "AirlineManagementSystem.csproj", "{066CD6DE-0BB1-470F-8609-EE366B265456}"
EndProject
Global
	GlobalSection(SolutionConfigurationPlatforms) = preSolution
		Debug|Any CPU = Debug|Any CPU
		Release|Any CPU = Release|Any CPU
	EndGlobalSection
	GlobalSection(ProjectConfigurationPlatforms) = postSolution
		{066CD6DE-0BB1-470F-8609-EE366B265456}.Debug|Any CPU.ActiveCfg = Debug|Any CPU
		{066CD6DE-0BB1-470F-8609-EE366B265456}.Debug|Any CPU.Build.0 = Debug|Any CPU
		{066CD6DE-0BB1-470F-8609-EE366B265456}.Release|Any CPU.ActiveCfg = Release|Any CPU
		{066CD6DE-0BB1-470F-8609-EE366B265456}.Release|Any CPU.Build.0 = Release|Any CPU
	EndGlobalSection
	GlobalSection(SolutionProperties) = preSolution
		HideSolutionNode = FALSE
	EndGlobalSection
	GlobalSection(ExtensibilityGlobals) = postSolution
		SolutionGuid = {BC7CD9EB-599C-454C-8E86-3206E32D9C8F}
	EndGlobalSection
EndGlobal
